// !$*UTF8*$!
{
	archiveVersion = 1;
	classes = {
	};
	objectVersion = 51;
	objects = {

/* Begin PBXBuildFile section */
		125505217D1CFAE77838CAD8 /* Pods_Parstagram.framework in Frameworks */ = {isa = PBXBuildFile; fileRef = 52263C0703A91B1D3A26ED5F /* Pods_Parstagram.framework */; };
		1C0D645725FE93B6003D7EEA /* AppDelegate.swift in Sources */ = {isa = PBXBuildFile; fileRef = 1C0D645625FE93B6003D7EEA /* AppDelegate.swift */; };
		1C0D645925FE93B6003D7EEA /* SceneDelegate.swift in Sources */ = {isa = PBXBuildFile; fileRef = 1C0D645825FE93B6003D7EEA /* SceneDelegate.swift */; };
		1C0D645E25FE93B6003D7EEA /* Main.storyboard in Resources */ = {isa = PBXBuildFile; fileRef = 1C0D645C25FE93B6003D7EEA /* Main.storyboard */; };
		1C0D646025FE93B8003D7EEA /* Assets.xcassets in Resources */ = {isa = PBXBuildFile; fileRef = 1C0D645F25FE93B8003D7EEA /* Assets.xcassets */; };
		1C0D646325FE93B8003D7EEA /* LaunchScreen.storyboard in Resources */ = {isa = PBXBuildFile; fileRef = 1C0D646125FE93B8003D7EEA /* LaunchScreen.storyboard */; };
		1C0D646E25FE93B8003D7EEA /* ParstagramTests.swift in Sources */ = {isa = PBXBuildFile; fileRef = 1C0D646D25FE93B8003D7EEA /* ParstagramTests.swift */; };
		1C0D647925FE93B8003D7EEA /* ParstagramUITests.swift in Sources */ = {isa = PBXBuildFile; fileRef = 1C0D647825FE93B8003D7EEA /* ParstagramUITests.swift */; };
		1C0D649625FE9619003D7EEA /* LoginViewController.swift in Sources */ = {isa = PBXBuildFile; fileRef = 1C0D649525FE9619003D7EEA /* LoginViewController.swift */; };
		1C0D649B25FE9627003D7EEA /* FeedViewController.swift in Sources */ = {isa = PBXBuildFile; fileRef = 1C0D649A25FE9627003D7EEA /* FeedViewController.swift */; };
		1C0D64A025FE9F7A003D7EEA /* CameraViewController.swift in Sources */ = {isa = PBXBuildFile; fileRef = 1C0D649F25FE9F7A003D7EEA /* CameraViewController.swift */; };
		1C48AD1826014CEC00A95D95 /* PostCell.swift in Sources */ = {isa = PBXBuildFile; fileRef = 1C48AD1726014CEC00A95D95 /* PostCell.swift */; };
		56B0FF2A85EE903E5558200A /* Pods_ParstagramTests.framework in Frameworks */ = {isa = PBXBuildFile; fileRef = 817067815D10FDF99AB0DE9E /* Pods_ParstagramTests.framework */; };
		75B3BE21315BF5B28DAB81D8 /* Pods_Parstagram_ParstagramUITests.framework in Frameworks */ = {isa = PBXBuildFile; fileRef = C82CD1A2381E0B3BD80BB391 /* Pods_Parstagram_ParstagramUITests.framework */; };
/* End PBXBuildFile section */

/* Begin PBXContainerItemProxy section */
		1C0D646A25FE93B8003D7EEA /* PBXContainerItemProxy */ = {
			isa = PBXContainerItemProxy;
			containerPortal = 1C0D644B25FE93B6003D7EEA /* Project object */;
			proxyType = 1;
			remoteGlobalIDString = 1C0D645225FE93B6003D7EEA;
			remoteInfo = Parstagram;
		};
		1C0D647525FE93B8003D7EEA /* PBXContainerItemProxy */ = {
			isa = PBXContainerItemProxy;
			containerPortal = 1C0D644B25FE93B6003D7EEA /* Project object */;
			proxyType = 1;
			remoteGlobalIDString = 1C0D645225FE93B6003D7EEA;
			remoteInfo = Parstagram;
		};
/* End PBXContainerItemProxy section */

/* Begin PBXFileReference section */
		1C0D645325FE93B6003D7EEA /* Parstagram.app */ = {isa = PBXFileReference; explicitFileType = wrapper.application; includeInIndex = 0; path = Parstagram.app; sourceTree = BUILT_PRODUCTS_DIR; };
		1C0D645625FE93B6003D7EEA /* AppDelegate.swift */ = {isa = PBXFileReference; lastKnownFileType = sourcecode.swift; path = AppDelegate.swift; sourceTree = "<group>"; };
		1C0D645825FE93B6003D7EEA /* SceneDelegate.swift */ = {isa = PBXFileReference; lastKnownFileType = sourcecode.swift; path = SceneDelegate.swift; sourceTree = "<group>"; };
		1C0D645D25FE93B6003D7EEA /* Base */ = {isa = PBXFileReference; lastKnownFileType = file.storyboard; name = Base; path = Base.lproj/Main.storyboard; sourceTree = "<group>"; };
		1C0D645F25FE93B8003D7EEA /* Assets.xcassets */ = {isa = PBXFileReference; lastKnownFileType = folder.assetcatalog; path = Assets.xcassets; sourceTree = "<group>"; };
		1C0D646225FE93B8003D7EEA /* Base */ = {isa = PBXFileReference; lastKnownFileType = file.storyboard; name = Base; path = Base.lproj/LaunchScreen.storyboard; sourceTree = "<group>"; };
		1C0D646425FE93B8003D7EEA /* Info.plist */ = {isa = PBXFileReference; lastKnownFileType = text.plist.xml; path = Info.plist; sourceTree = "<group>"; };
		1C0D646925FE93B8003D7EEA /* ParstagramTests.xctest */ = {isa = PBXFileReference; explicitFileType = wrapper.cfbundle; includeInIndex = 0; path = ParstagramTests.xctest; sourceTree = BUILT_PRODUCTS_DIR; };
		1C0D646D25FE93B8003D7EEA /* ParstagramTests.swift */ = {isa = PBXFileReference; lastKnownFileType = sourcecode.swift; path = ParstagramTests.swift; sourceTree = "<group>"; };
		1C0D646F25FE93B8003D7EEA /* Info.plist */ = {isa = PBXFileReference; lastKnownFileType = text.plist.xml; path = Info.plist; sourceTree = "<group>"; };
		1C0D647425FE93B8003D7EEA /* ParstagramUITests.xctest */ = {isa = PBXFileReference; explicitFileType = wrapper.cfbundle; includeInIndex = 0; path = ParstagramUITests.xctest; sourceTree = BUILT_PRODUCTS_DIR; };
		1C0D647825FE93B8003D7EEA /* ParstagramUITests.swift */ = {isa = PBXFileReference; lastKnownFileType = sourcecode.swift; path = ParstagramUITests.swift; sourceTree = "<group>"; };
		1C0D647A25FE93B8003D7EEA /* Info.plist */ = {isa = PBXFileReference; lastKnownFileType = text.plist.xml; path = Info.plist; sourceTree = "<group>"; };
		1C0D649525FE9619003D7EEA /* LoginViewController.swift */ = {isa = PBXFileReference; lastKnownFileType = sourcecode.swift; path = LoginViewController.swift; sourceTree = "<group>"; };
		1C0D649A25FE9627003D7EEA /* FeedViewController.swift */ = {isa = PBXFileReference; lastKnownFileType = sourcecode.swift; path = FeedViewController.swift; sourceTree = "<group>"; };
		1C0D649F25FE9F7A003D7EEA /* CameraViewController.swift */ = {isa = PBXFileReference; lastKnownFileType = sourcecode.swift; path = CameraViewController.swift; sourceTree = "<group>"; };
		1C48AD1726014CEC00A95D95 /* PostCell.swift */ = {isa = PBXFileReference; lastKnownFileType = sourcecode.swift; path = PostCell.swift; sourceTree = "<group>"; };
		23799A0C5A71D34F4893196C /* Pods-ParstagramTests.release.xcconfig */ = {isa = PBXFileReference; includeInIndex = 1; lastKnownFileType = text.xcconfig; name = "Pods-ParstagramTests.release.xcconfig"; path = "Target Support Files/Pods-ParstagramTests/Pods-ParstagramTests.release.xcconfig"; sourceTree = "<group>"; };
		4EDD632D7DF05E59032CD759 /* Pods-Parstagram.debug.xcconfig */ = {isa = PBXFileReference; includeInIndex = 1; lastKnownFileType = text.xcconfig; name = "Pods-Parstagram.debug.xcconfig"; path = "Target Support Files/Pods-Parstagram/Pods-Parstagram.debug.xcconfig"; sourceTree = "<group>"; };
		520DD6998C6B9DF0CA704F9A /* Pods-Parstagram-ParstagramUITests.debug.xcconfig */ = {isa = PBXFileReference; includeInIndex = 1; lastKnownFileType = text.xcconfig; name = "Pods-Parstagram-ParstagramUITests.debug.xcconfig"; path = "Target Support Files/Pods-Parstagram-ParstagramUITests/Pods-Parstagram-ParstagramUITests.debug.xcconfig"; sourceTree = "<group>"; };
		52263C0703A91B1D3A26ED5F /* Pods_Parstagram.framework */ = {isa = PBXFileReference; explicitFileType = wrapper.framework; includeInIndex = 0; path = Pods_Parstagram.framework; sourceTree = BUILT_PRODUCTS_DIR; };
		817067815D10FDF99AB0DE9E /* Pods_ParstagramTests.framework */ = {isa = PBXFileReference; explicitFileType = wrapper.framework; includeInIndex = 0; path = Pods_ParstagramTests.framework; sourceTree = BUILT_PRODUCTS_DIR; };
		98E1BBE533A265147A0C7FB1 /* Pods-Parstagram-ParstagramUITests.release.xcconfig */ = {isa = PBXFileReference; includeInIndex = 1; lastKnownFileType = text.xcconfig; name = "Pods-Parstagram-ParstagramUITests.release.xcconfig"; path = "Target Support Files/Pods-Parstagram-ParstagramUITests/Pods-Parstagram-ParstagramUITests.release.xcconfig"; sourceTree = "<group>"; };
		9D2A1DBD81343EB5E3BA4780 /* Pods-Parstagram.release.xcconfig */ = {isa = PBXFileReference; includeInIndex = 1; lastKnownFileType = text.xcconfig; name = "Pods-Parstagram.release.xcconfig"; path = "Target Support Files/Pods-Parstagram/Pods-Parstagram.release.xcconfig"; sourceTree = "<group>"; };
		C82CD1A2381E0B3BD80BB391 /* Pods_Parstagram_ParstagramUITests.framework */ = {isa = PBXFileReference; explicitFileType = wrapper.framework; includeInIndex = 0; path = Pods_Parstagram_ParstagramUITests.framework; sourceTree = BUILT_PRODUCTS_DIR; };
		D3CA60603E0A7C275D8AF393 /* Pods-ParstagramTests.debug.xcconfig */ = {isa = PBXFileReference; includeInIndex = 1; lastKnownFileType = text.xcconfig; name = "Pods-ParstagramTests.debug.xcconfig"; path = "Target Support Files/Pods-ParstagramTests/Pods-ParstagramTests.debug.xcconfig"; sourceTree = "<group>"; };
/* End PBXFileReference section */

/* Begin PBXFrameworksBuildPhase section */
		1C0D645025FE93B6003D7EEA /* Frameworks */ = {
			isa = PBXFrameworksBuildPhase;
			buildActionMask = 2147483647;
			files = (
				125505217D1CFAE77838CAD8 /* Pods_Parstagram.framework in Frameworks */,
			);
			runOnlyForDeploymentPostprocessing = 0;
		};
		1C0D646625FE93B8003D7EEA /* Frameworks */ = {
			isa = PBXFrameworksBuildPhase;
			buildActionMask = 2147483647;
			files = (
				56B0FF2A85EE903E5558200A /* Pods_ParstagramTests.framework in Frameworks */,
			);
			runOnlyForDeploymentPostprocessing = 0;
		};
		1C0D647125FE93B8003D7EEA /* Frameworks */ = {
			isa = PBXFrameworksBuildPhase;
			buildActionMask = 2147483647;
			files = (
				75B3BE21315BF5B28DAB81D8 /* Pods_Parstagram_ParstagramUITests.framework in Frameworks */,
			);
			runOnlyForDeploymentPostprocessing = 0;
		};
/* End PBXFrameworksBuildPhase section */

/* Begin PBXGroup section */
		1C0D644A25FE93B6003D7EEA = {
			isa = PBXGroup;
			children = (
				1C0D645525FE93B6003D7EEA /* Parstagram */,
				1C0D646C25FE93B8003D7EEA /* ParstagramTests */,
				1C0D647725FE93B8003D7EEA /* ParstagramUITests */,
				1C0D645425FE93B6003D7EEA /* Products */,
				4213F0248050D7ADF449C862 /* Pods */,
				7DBDBAA7D07453B8A7A06DCC /* Frameworks */,
			);
			sourceTree = "<group>";
		};
		1C0D645425FE93B6003D7EEA /* Products */ = {
			isa = PBXGroup;
			children = (
				1C0D645325FE93B6003D7EEA /* Parstagram.app */,
				1C0D646925FE93B8003D7EEA /* ParstagramTests.xctest */,
				1C0D647425FE93B8003D7EEA /* ParstagramUITests.xctest */,
			);
			name = Products;
			sourceTree = "<group>";
		};
		1C0D645525FE93B6003D7EEA /* Parstagram */ = {
			isa = PBXGroup;
			children = (
				1C0D645625FE93B6003D7EEA /* AppDelegate.swift */,
				1C0D645825FE93B6003D7EEA /* SceneDelegate.swift */,
				1C0D645C25FE93B6003D7EEA /* Main.storyboard */,
				1C0D645F25FE93B8003D7EEA /* Assets.xcassets */,
				1C0D646125FE93B8003D7EEA /* LaunchScreen.storyboard */,
				1C0D646425FE93B8003D7EEA /* Info.plist */,
				1C0D649525FE9619003D7EEA /* LoginViewController.swift */,
				1C0D649A25FE9627003D7EEA /* FeedViewController.swift */,
				1C0D649F25FE9F7A003D7EEA /* CameraViewController.swift */,
				1C48AD1726014CEC00A95D95 /* PostCell.swift */,
			);
			path = Parstagram;
			sourceTree = "<group>";
		};
		1C0D646C25FE93B8003D7EEA /* ParstagramTests */ = {
			isa = PBXGroup;
			children = (
				1C0D646D25FE93B8003D7EEA /* ParstagramTests.swift */,
				1C0D646F25FE93B8003D7EEA /* Info.plist */,
			);
			path = ParstagramTests;
			sourceTree = "<group>";
		};
		1C0D647725FE93B8003D7EEA /* ParstagramUITests */ = {
			isa = PBXGroup;
			children = (
				1C0D647825FE93B8003D7EEA /* ParstagramUITests.swift */,
				1C0D647A25FE93B8003D7EEA /* Info.plist */,
			);
			path = ParstagramUITests;
			sourceTree = "<group>";
		};
		4213F0248050D7ADF449C862 /* Pods */ = {
			isa = PBXGroup;
			children = (
				4EDD632D7DF05E59032CD759 /* Pods-Parstagram.debug.xcconfig */,
				9D2A1DBD81343EB5E3BA4780 /* Pods-Parstagram.release.xcconfig */,
				520DD6998C6B9DF0CA704F9A /* Pods-Parstagram-ParstagramUITests.debug.xcconfig */,
				98E1BBE533A265147A0C7FB1 /* Pods-Parstagram-ParstagramUITests.release.xcconfig */,
				D3CA60603E0A7C275D8AF393 /* Pods-ParstagramTests.debug.xcconfig */,
				23799A0C5A71D34F4893196C /* Pods-ParstagramTests.release.xcconfig */,
			);
			path = Pods;
			sourceTree = "<group>";
		};
		7DBDBAA7D07453B8A7A06DCC /* Frameworks */ = {
			isa = PBXGroup;
			children = (
				52263C0703A91B1D3A26ED5F /* Pods_Parstagram.framework */,
				C82CD1A2381E0B3BD80BB391 /* Pods_Parstagram_ParstagramUITests.framework */,
				817067815D10FDF99AB0DE9E /* Pods_ParstagramTests.framework */,
			);
			name = Frameworks;
			sourceTree = "<group>";
		};
/* End PBXGroup section */

/* Begin PBXNativeTarget section */
		1C0D645225FE93B6003D7EEA /* Parstagram */ = {
			isa = PBXNativeTarget;
			buildConfigurationList = 1C0D647D25FE93B8003D7EEA /* Build configuration list for PBXNativeTarget "Parstagram" */;
			buildPhases = (
				1E77460F870343F023B065B5 /* [CP] Check Pods Manifest.lock */,
				1C0D644F25FE93B6003D7EEA /* Sources */,
				1C0D645025FE93B6003D7EEA /* Frameworks */,
				1C0D645125FE93B6003D7EEA /* Resources */,
				2C8CAC9193AD625D7F1C9FC2 /* [CP] Embed Pods Frameworks */,
			);
			buildRules = (
			);
			dependencies = (
			);
			name = Parstagram;
			productName = Parstagram;
			productReference = 1C0D645325FE93B6003D7EEA /* Parstagram.app */;
			productType = "com.apple.product-type.application";
		};
		1C0D646825FE93B8003D7EEA /* ParstagramTests */ = {
			isa = PBXNativeTarget;
			buildConfigurationList = 1C0D648025FE93B8003D7EEA /* Build configuration list for PBXNativeTarget "ParstagramTests" */;
			buildPhases = (
				DFFD339A7E52BB0FF3D10EDA /* [CP] Check Pods Manifest.lock */,
				1C0D646525FE93B8003D7EEA /* Sources */,
				1C0D646625FE93B8003D7EEA /* Frameworks */,
				1C0D646725FE93B8003D7EEA /* Resources */,
			);
			buildRules = (
			);
			dependencies = (
				1C0D646B25FE93B8003D7EEA /* PBXTargetDependency */,
			);
			name = ParstagramTests;
			productName = ParstagramTests;
			productReference = 1C0D646925FE93B8003D7EEA /* ParstagramTests.xctest */;
			productType = "com.apple.product-type.bundle.unit-test";
		};
		1C0D647325FE93B8003D7EEA /* ParstagramUITests */ = {
			isa = PBXNativeTarget;
			buildConfigurationList = 1C0D648325FE93B8003D7EEA /* Build configuration list for PBXNativeTarget "ParstagramUITests" */;
			buildPhases = (
				DE2B90D590C3CD74A01AF703 /* [CP] Check Pods Manifest.lock */,
				1C0D647025FE93B8003D7EEA /* Sources */,
				1C0D647125FE93B8003D7EEA /* Frameworks */,
				1C0D647225FE93B8003D7EEA /* Resources */,
				95E93B2491EFA9E3F3A6FE36 /* [CP] Embed Pods Frameworks */,
			);
			buildRules = (
			);
			dependencies = (
				1C0D647625FE93B8003D7EEA /* PBXTargetDependency */,
			);
			name = ParstagramUITests;
			productName = ParstagramUITests;
			productReference = 1C0D647425FE93B8003D7EEA /* ParstagramUITests.xctest */;
			productType = "com.apple.product-type.bundle.ui-testing";
		};
/* End PBXNativeTarget section */

/* Begin PBXProject section */
		1C0D644B25FE93B6003D7EEA /* Project object */ = {
			isa = PBXProject;
			attributes = {
				LastSwiftUpdateCheck = 1240;
				LastUpgradeCheck = 1240;
				TargetAttributes = {
					1C0D645225FE93B6003D7EEA = {
						CreatedOnToolsVersion = 12.4;
					};
					1C0D646825FE93B8003D7EEA = {
						CreatedOnToolsVersion = 12.4;
						TestTargetID = 1C0D645225FE93B6003D7EEA;
					};
					1C0D647325FE93B8003D7EEA = {
						CreatedOnToolsVersion = 12.4;
						TestTargetID = 1C0D645225FE93B6003D7EEA;
					};
				};
			};
			buildConfigurationList = 1C0D644E25FE93B6003D7EEA /* Build configuration list for PBXProject "Parstagram" */;
			compatibilityVersion = "Xcode 9.3";
			developmentRegion = en;
			hasScannedForEncodings = 0;
			knownRegions = (
				en,
				Base,
			);
			mainGroup = 1C0D644A25FE93B6003D7EEA;
			productRefGroup = 1C0D645425FE93B6003D7EEA /* Products */;
			projectDirPath = "";
			projectRoot = "";
			targets = (
				1C0D645225FE93B6003D7EEA /* Parstagram */,
				1C0D646825FE93B8003D7EEA /* ParstagramTests */,
				1C0D647325FE93B8003D7EEA /* ParstagramUITests */,
			);
		};
/* End PBXProject section */

/* Begin PBXResourcesBuildPhase section */
		1C0D645125FE93B6003D7EEA /* Resources */ = {
			isa = PBXResourcesBuildPhase;
			buildActionMask = 2147483647;
			files = (
				1C0D646325FE93B8003D7EEA /* LaunchScreen.storyboard in Resources */,
				1C0D646025FE93B8003D7EEA /* Assets.xcassets in Resources */,
				1C0D645E25FE93B6003D7EEA /* Main.storyboard in Resources */,
			);
			runOnlyForDeploymentPostprocessing = 0;
		};
		1C0D646725FE93B8003D7EEA /* Resources */ = {
			isa = PBXResourcesBuildPhase;
			buildActionMask = 2147483647;
			files = (
			);
			runOnlyForDeploymentPostprocessing = 0;
		};
		1C0D647225FE93B8003D7EEA /* Resources */ = {
			isa = PBXResourcesBuildPhase;
			buildActionMask = 2147483647;
			files = (
			);
			runOnlyForDeploymentPostprocessing = 0;
		};
/* End PBXResourcesBuildPhase section */

/* Begin PBXShellScriptBuildPhase section */
		1E77460F870343F023B065B5 /* [CP] Check Pods Manifest.lock */ = {
			isa = PBXShellScriptBuildPhase;
			buildActionMask = 2147483647;
			files = (
			);
			inputFileListPaths = (
			);
			inputPaths = (
				"${PODS_PODFILE_DIR_PATH}/Podfile.lock",
				"${PODS_ROOT}/Manifest.lock",
			);
			name = "[CP] Check Pods Manifest.lock";
			outputFileListPaths = (
			);
			outputPaths = (
				"$(DERIVED_FILE_DIR)/Pods-Parstagram-checkManifestLockResult.txt",
			);
			runOnlyForDeploymentPostprocessing = 0;
			shellPath = /bin/sh;
			shellScript = "diff \"${PODS_PODFILE_DIR_PATH}/Podfile.lock\" \"${PODS_ROOT}/Manifest.lock\" > /dev/null\nif [ $? != 0 ] ; then\n    # print error to STDERR\n    echo \"error: The sandbox is not in sync with the Podfile.lock. Run 'pod install' or update your CocoaPods installation.\" >&2\n    exit 1\nfi\n# This output is used by Xcode 'outputs' to avoid re-running this script phase.\necho \"SUCCESS\" > \"${SCRIPT_OUTPUT_FILE_0}\"\n";
			showEnvVarsInLog = 0;
		};
		2C8CAC9193AD625D7F1C9FC2 /* [CP] Embed Pods Frameworks */ = {
			isa = PBXShellScriptBuildPhase;
			buildActionMask = 2147483647;
			files = (
			);
			inputFileListPaths = (
				"${PODS_ROOT}/Target Support Files/Pods-Parstagram/Pods-Parstagram-frameworks-${CONFIGURATION}-input-files.xcfilelist",
			);
			name = "[CP] Embed Pods Frameworks";
			outputFileListPaths = (
				"${PODS_ROOT}/Target Support Files/Pods-Parstagram/Pods-Parstagram-frameworks-${CONFIGURATION}-output-files.xcfilelist",
			);
			runOnlyForDeploymentPostprocessing = 0;
			shellPath = /bin/sh;
			shellScript = "\"${PODS_ROOT}/Target Support Files/Pods-Parstagram/Pods-Parstagram-frameworks.sh\"\n";
			showEnvVarsInLog = 0;
		};
		95E93B2491EFA9E3F3A6FE36 /* [CP] Embed Pods Frameworks */ = {
			isa = PBXShellScriptBuildPhase;
			buildActionMask = 2147483647;
			files = (
			);
			inputFileListPaths = (
				"${PODS_ROOT}/Target Support Files/Pods-Parstagram-ParstagramUITests/Pods-Parstagram-ParstagramUITests-frameworks-${CONFIGURATION}-input-files.xcfilelist",
			);
			name = "[CP] Embed Pods Frameworks";
			outputFileListPaths = (
				"${PODS_ROOT}/Target Support Files/Pods-Parstagram-ParstagramUITests/Pods-Parstagram-ParstagramUITests-frameworks-${CONFIGURATION}-output-files.xcfilelist",
			);
			runOnlyForDeploymentPostprocessing = 0;
			shellPath = /bin/sh;
			shellScript = "\"${PODS_ROOT}/Target Support Files/Pods-Parstagram-ParstagramUITests/Pods-Parstagram-ParstagramUITests-frameworks.sh\"\n";
			showEnvVarsInLog = 0;
		};
		DE2B90D590C3CD74A01AF703 /* [CP] Check Pods Manifest.lock */ = {
			isa = PBXShellScriptBuildPhase;
			buildActionMask = 2147483647;
			files = (
			);
			inputFileListPaths = (
			);
			inputPaths = (
				"${PODS_PODFILE_DIR_PATH}/Podfile.lock",
				"${PODS_ROOT}/Manifest.lock",
			);
			name = "[CP] Check Pods Manifest.lock";
			outputFileListPaths = (
			);
			outputPaths = (
				"$(DERIVED_FILE_DIR)/Pods-Parstagram-ParstagramUITests-checkManifestLockResult.txt",
			);
			runOnlyForDeploymentPostprocessing = 0;
			shellPath = /bin/sh;
			shellScript = "diff \"${PODS_PODFILE_DIR_PATH}/Podfile.lock\" \"${PODS_ROOT}/Manifest.lock\" > /dev/null\nif [ $? != 0 ] ; then\n    # print error to STDERR\n    echo \"error: The sandbox is not in sync with the Podfile.lock. Run 'pod install' or update your CocoaPods installation.\" >&2\n    exit 1\nfi\n# This output is used by Xcode 'outputs' to avoid re-running this script phase.\necho \"SUCCESS\" > \"${SCRIPT_OUTPUT_FILE_0}\"\n";
			showEnvVarsInLog = 0;
		};
		DFFD339A7E52BB0FF3D10EDA /* [CP] Check Pods Manifest.lock */ = {
			isa = PBXShellScriptBuildPhase;
			buildActionMask = 2147483647;
			files = (
			);
			inputFileListPaths = (
			);
			inputPaths = (
				"${PODS_PODFILE_DIR_PATH}/Podfile.lock",
				"${PODS_ROOT}/Manifest.lock",
			);
			name = "[CP] Check Pods Manifest.lock";
			outputFileListPaths = (
			);
			outputPaths = (
				"$(DERIVED_FILE_DIR)/Pods-ParstagramTests-checkManifestLockResult.txt",
			);
			runOnlyForDeploymentPostprocessing = 0;
			shellPath = /bin/sh;
			shellScript = "diff \"${PODS_PODFILE_DIR_PATH}/Podfile.lock\" \"${PODS_ROOT}/Manifest.lock\" > /dev/null\nif [ $? != 0 ] ; then\n    # print error to STDERR\n    echo \"error: The sandbox is not in sync with the Podfile.lock. Run 'pod install' or update your CocoaPods installation.\" >&2\n    exit 1\nfi\n# This output is used by Xcode 'outputs' to avoid re-running this script phase.\necho \"SUCCESS\" > \"${SCRIPT_OUTPUT_FILE_0}\"\n";
			showEnvVarsInLog = 0;
		};
/* End PBXShellScriptBuildPhase section */

/* Begin PBXSourcesBuildPhase section */
		1C0D644F25FE93B6003D7EEA /* Sources */ = {
			isa = PBXSourcesBuildPhase;
			buildActionMask = 2147483647;
			files = (
				1C0D649625FE9619003D7EEA /* LoginViewController.swift in Sources */,
				1C0D64A025FE9F7A003D7EEA /* CameraViewController.swift in Sources */,
				1C0D645725FE93B6003D7EEA /* AppDelegate.swift in Sources */,
				1C0D649B25FE9627003D7EEA /* FeedViewController.swift in Sources */,
				1C0D645925FE93B6003D7EEA /* SceneDelegate.swift in Sources */,
				1C48AD1826014CEC00A95D95 /* PostCell.swift in Sources */,
			);
			runOnlyForDeploymentPostprocessing = 0;
		};
		1C0D646525FE93B8003D7EEA /* Sources */ = {
			isa = PBXSourcesBuildPhase;
			buildActionMask = 2147483647;
			files = (
				1C0D646E25FE93B8003D7EEA /* ParstagramTests.swift in Sources */,
			);
			runOnlyForDeploymentPostprocessing = 0;
		};
		1C0D647025FE93B8003D7EEA /* Sources */ = {
			isa = PBXSourcesBuildPhase;
			buildActionMask = 2147483647;
			files = (
				1C0D647925FE93B8003D7EEA /* ParstagramUITests.swift in Sources */,
			);
			runOnlyForDeploymentPostprocessing = 0;
		};
/* End PBXSourcesBuildPhase section */

/* Begin PBXTargetDependency section */
		1C0D646B25FE93B8003D7EEA /* PBXTargetDependency */ = {
			isa = PBXTargetDependency;
			target = 1C0D645225FE93B6003D7EEA /* Parstagram */;
			targetProxy = 1C0D646A25FE93B8003D7EEA /* PBXContainerItemProxy */;
		};
		1C0D647625FE93B8003D7EEA /* PBXTargetDependency */ = {
			isa = PBXTargetDependency;
			target = 1C0D645225FE93B6003D7EEA /* Parstagram */;
			targetProxy = 1C0D647525FE93B8003D7EEA /* PBXContainerItemProxy */;
		};
/* End PBXTargetDependency section */

/* Begin PBXVariantGroup section */
		1C0D645C25FE93B6003D7EEA /* Main.storyboard */ = {
			isa = PBXVariantGroup;
			children = (
				1C0D645D25FE93B6003D7EEA /* Base */,
			);
			name = Main.storyboard;
			sourceTree = "<group>";
		};
		1C0D646125FE93B8003D7EEA /* LaunchScreen.storyboard */ = {
			isa = PBXVariantGroup;
			children = (
				1C0D646225FE93B8003D7EEA /* Base */,
			);
			name = LaunchScreen.storyboard;
			sourceTree = "<group>";
		};
/* End PBXVariantGroup section */

/* Begin XCBuildConfiguration section */
		1C0D647B25FE93B8003D7EEA /* Debug */ = {
			isa = XCBuildConfiguration;
			buildSettings = {
				ALWAYS_SEARCH_USER_PATHS = NO;
				CLANG_ANALYZER_NONNULL = YES;
				CLANG_ANALYZER_NUMBER_OBJECT_CONVERSION = YES_AGGRESSIVE;
				CLANG_CXX_LANGUAGE_STANDARD = "gnu++14";
				CLANG_CXX_LIBRARY = "libc++";
				CLANG_ENABLE_MODULES = YES;
				CLANG_ENABLE_OBJC_ARC = YES;
				CLANG_ENABLE_OBJC_WEAK = YES;
				CLANG_WARN_BLOCK_CAPTURE_AUTORELEASING = YES;
				CLANG_WARN_BOOL_CONVERSION = YES;
				CLANG_WARN_COMMA = YES;
				CLANG_WARN_CONSTANT_CONVERSION = YES;
				CLANG_WARN_DEPRECATED_OBJC_IMPLEMENTATIONS = YES;
				CLANG_WARN_DIRECT_OBJC_ISA_USAGE = YES_ERROR;
				CLANG_WARN_DOCUMENTATION_COMMENTS = YES;
				CLANG_WARN_EMPTY_BODY = YES;
				CLANG_WARN_ENUM_CONVERSION = YES;
				CLANG_WARN_INFINITE_RECURSION = YES;
				CLANG_WARN_INT_CONVERSION = YES;
				CLANG_WARN_NON_LITERAL_NULL_CONVERSION = YES;
				CLANG_WARN_OBJC_IMPLICIT_RETAIN_SELF = YES;
				CLANG_WARN_OBJC_LITERAL_CONVERSION = YES;
				CLANG_WARN_OBJC_ROOT_CLASS = YES_ERROR;
				CLANG_WARN_QUOTED_INCLUDE_IN_FRAMEWORK_HEADER = YES;
				CLANG_WARN_RANGE_LOOP_ANALYSIS = YES;
				CLANG_WARN_STRICT_PROTOTYPES = YES;
				CLANG_WARN_SUSPICIOUS_MOVE = YES;
				CLANG_WARN_UNGUARDED_AVAILABILITY = YES_AGGRESSIVE;
				CLANG_WARN_UNREACHABLE_CODE = YES;
				CLANG_WARN__DUPLICATE_METHOD_MATCH = YES;
				COPY_PHASE_STRIP = NO;
				DEBUG_INFORMATION_FORMAT = dwarf;
				ENABLE_STRICT_OBJC_MSGSEND = YES;
				ENABLE_TESTABILITY = YES;
				GCC_C_LANGUAGE_STANDARD = gnu11;
				GCC_DYNAMIC_NO_PIC = NO;
				GCC_NO_COMMON_BLOCKS = YES;
				GCC_OPTIMIZATION_LEVEL = 0;
				GCC_PREPROCESSOR_DEFINITIONS = (
					"DEBUG=1",
					"$(inherited)",
				);
				GCC_WARN_64_TO_32_BIT_CONVERSION = YES;
				GCC_WARN_ABOUT_RETURN_TYPE = YES_ERROR;
				GCC_WARN_UNDECLARED_SELECTOR = YES;
				GCC_WARN_UNINITIALIZED_AUTOS = YES_AGGRESSIVE;
				GCC_WARN_UNUSED_FUNCTION = YES;
				GCC_WARN_UNUSED_VARIABLE = YES;
				IPHONEOS_DEPLOYMENT_TARGET = 14.4;
				MTL_ENABLE_DEBUG_INFO = INCLUDE_SOURCE;
				MTL_FAST_MATH = YES;
				ONLY_ACTIVE_ARCH = YES;
				SDKROOT = iphoneos;
				SWIFT_ACTIVE_COMPILATION_CONDITIONS = DEBUG;
				SWIFT_OPTIMIZATION_LEVEL = "-Onone";
			};
			name = Debug;
		};
		1C0D647C25FE93B8003D7EEA /* Release */ = {
			isa = XCBuildConfiguration;
			buildSettings = {
				ALWAYS_SEARCH_USER_PATHS = NO;
				CLANG_ANALYZER_NONNULL = YES;
				CLANG_ANALYZER_NUMBER_OBJECT_CONVERSION = YES_AGGRESSIVE;
				CLANG_CXX_LANGUAGE_STANDARD = "gnu++14";
				CLANG_CXX_LIBRARY = "libc++";
				CLANG_ENABLE_MODULES = YES;
				CLANG_ENABLE_OBJC_ARC = YES;
				CLANG_ENABLE_OBJC_WEAK = YES;
				CLANG_WARN_BLOCK_CAPTURE_AUTORELEASING = YES;
				CLANG_WARN_BOOL_CONVERSION = YES;
				CLANG_WARN_COMMA = YES;
				CLANG_WARN_CONSTANT_CONVERSION = YES;
				CLANG_WARN_DEPRECATED_OBJC_IMPLEMENTATIONS = YES;
				CLANG_WARN_DIRECT_OBJC_ISA_USAGE = YES_ERROR;
				CLANG_WARN_DOCUMENTATION_COMMENTS = YES;
				CLANG_WARN_EMPTY_BODY = YES;
				CLANG_WARN_ENUM_CONVERSION = YES;
				CLANG_WARN_INFINITE_RECURSION = YES;
				CLANG_WARN_INT_CONVERSION = YES;
				CLANG_WARN_NON_LITERAL_NULL_CONVERSION = YES;
				CLANG_WARN_OBJC_IMPLICIT_RETAIN_SELF = YES;
				CLANG_WARN_OBJC_LITERAL_CONVERSION = YES;
				CLANG_WARN_OBJC_ROOT_CLASS = YES_ERROR;
				CLANG_WARN_QUOTED_INCLUDE_IN_FRAMEWORK_HEADER = YES;
				CLANG_WARN_RANGE_LOOP_ANALYSIS = YES;
				CLANG_WARN_STRICT_PROTOTYPES = YES;
				CLANG_WARN_SUSPICIOUS_MOVE = YES;
				CLANG_WARN_UNGUARDED_AVAILABILITY = YES_AGGRESSIVE;
				CLANG_WARN_UNREACHABLE_CODE = YES;
				CLANG_WARN__DUPLICATE_METHOD_MATCH = YES;
				COPY_PHASE_STRIP = NO;
				DEBUG_INFORMATION_FORMAT = "dwarf-with-dsym";
				ENABLE_NS_ASSERTIONS = NO;
				ENABLE_STRICT_OBJC_MSGSEND = YES;
				GCC_C_LANGUAGE_STANDARD = gnu11;
				GCC_NO_COMMON_BLOCKS = YES;
				GCC_WARN_64_TO_32_BIT_CONVERSION = YES;
				GCC_WARN_ABOUT_RETURN_TYPE = YES_ERROR;
				GCC_WARN_UNDECLARED_SELECTOR = YES;
				GCC_WARN_UNINITIALIZED_AUTOS = YES_AGGRESSIVE;
				GCC_WARN_UNUSED_FUNCTION = YES;
				GCC_WARN_UNUSED_VARIABLE = YES;
				IPHONEOS_DEPLOYMENT_TARGET = 14.4;
				MTL_ENABLE_DEBUG_INFO = NO;
				MTL_FAST_MATH = YES;
				SDKROOT = iphoneos;
				SWIFT_COMPILATION_MODE = wholemodule;
				SWIFT_OPTIMIZATION_LEVEL = "-O";
				VALIDATE_PRODUCT = YES;
			};
			name = Release;
		};
		1C0D647E25FE93B8003D7EEA /* Debug */ = {
			isa = XCBuildConfiguration;
			baseConfigurationReference = 4EDD632D7DF05E59032CD759 /* Pods-Parstagram.debug.xcconfig */;
			buildSettings = {
				ASSETCATALOG_COMPILER_APPICON_NAME = AppIcon;
				ASSETCATALOG_COMPILER_GLOBAL_ACCENT_COLOR_NAME = AccentColor;
				CODE_SIGN_STYLE = Automatic;
				INFOPLIST_FILE = Parstagram/Info.plist;
				LD_RUNPATH_SEARCH_PATHS = (
					"$(inherited)",
					"@executable_path/Frameworks",
				);
				PRODUCT_BUNDLE_IDENTIFIER = brypavlik.Parstagram;
				PRODUCT_NAME = "$(TARGET_NAME)";
				SWIFT_VERSION = 5.0;
				TARGETED_DEVICE_FAMILY = "1,2";
			};
			name = Debug;
		};
		1C0D647F25FE93B8003D7EEA /* Release */ = {
			isa = XCBuildConfiguration;
			baseConfigurationReference = 9D2A1DBD81343EB5E3BA4780 /* Pods-Parstagram.release.xcconfig */;
			buildSettings = {
				ASSETCATALOG_COMPILER_APPICON_NAME = AppIcon;
				ASSETCATALOG_COMPILER_GLOBAL_ACCENT_COLOR_NAME = AccentColor;
				CODE_SIGN_STYLE = Automatic;
				INFOPLIST_FILE = Parstagram/Info.plist;
				LD_RUNPATH_SEARCH_PATHS = (
					"$(inherited)",
					"@executable_path/Frameworks",
				);
				PRODUCT_BUNDLE_IDENTIFIER = brypavlik.Parstagram;
				PRODUCT_NAME = "$(TARGET_NAME)";
				SWIFT_VERSION = 5.0;
				TARGETED_DEVICE_FAMILY = "1,2";
			};
			name = Release;
		};
		1C0D648125FE93B8003D7EEA /* Debug */ = {
			isa = XCBuildConfiguration;
			baseConfigurationReference = D3CA60603E0A7C275D8AF393 /* Pods-ParstagramTests.debug.xcconfig */;
			buildSettings = {
				ALWAYS_EMBED_SWIFT_STANDARD_LIBRARIES = YES;
				BUNDLE_LOADER = "$(TEST_HOST)";
				CODE_SIGN_STYLE = Automatic;
				INFOPLIST_FILE = ParstagramTests/Info.plist;
				IPHONEOS_DEPLOYMENT_TARGET = 14.4;
				LD_RUNPATH_SEARCH_PATHS = (
					"$(inherited)",
					"@executable_path/Frameworks",
					"@loader_path/Frameworks",
				);
				PRODUCT_BUNDLE_IDENTIFIER = brypavlik.ParstagramTests;
				PRODUCT_NAME = "$(TARGET_NAME)";
				SWIFT_VERSION = 5.0;
				TARGETED_DEVICE_FAMILY = "1,2";
				TEST_HOST = "$(BUILT_PRODUCTS_DIR)/Parstagram.app/Parstagram";
			};
			name = Debug;
		};
		1C0D648225FE93B8003D7EEA /* Release */ = {
			isa = XCBuildConfiguration;
			baseConfigurationReference = 23799A0C5A71D34F4893196C /* Pods-ParstagramTests.release.xcconfig */;
			buildSettings = {
				ALWAYS_EMBED_SWIFT_STANDARD_LIBRARIES = YES;
				BUNDLE_LOADER = "$(TEST_HOST)";
				CODE_SIGN_STYLE = Automatic;
				INFOPLIST_FILE = ParstagramTests/Info.plist;
				IPHONEOS_DEPLOYMENT_TARGET = 14.4;
				LD_RUNPATH_SEARCH_PATHS = (
					"$(inherited)",
					"@executable_path/Frameworks",
					"@loader_path/Frameworks",
				);
				PRODUCT_BUNDLE_IDENTIFIER = brypavlik.ParstagramTests;
				PRODUCT_NAME = "$(TARGET_NAME)";
				SWIFT_VERSION = 5.0;
				TARGETED_DEVICE_FAMILY = "1,2";
				TEST_HOST = "$(BUILT_PRODUCTS_DIR)/Parstagram.app/Parstagram";
			};
			name = Release;
		};
		1C0D648425FE93B8003D7EEA /* Debug */ = {
			isa = XCBuildConfiguration;
			baseConfigurationReference = 520DD6998C6B9DF0CA704F9A /* Pods-Parstagram-ParstagramUITests.debug.xcconfig */;
			buildSettings = {
				ALWAYS_EMBED_SWIFT_STANDARD_LIBRARIES = YES;
				CODE_SIGN_STYLE = Automatic;
				INFOPLIST_FILE = ParstagramUITests/Info.plist;
				LD_RUNPATH_SEARCH_PATHS = (
					"$(inherited)",
					"@executable_path/Frameworks",
					"@loader_path/Frameworks",
				);
				PRODUCT_BUNDLE_IDENTIFIER = brypavlik.ParstagramUITests;
				PRODUCT_NAME = "$(TARGET_NAME)";
				SWIFT_VERSION = 5.0;
				TARGETED_DEVICE_FAMILY = "1,2";
				TEST_TARGET_NAME = Parstagram;
			};
			name = Debug;
		};
		1C0D648525FE93B8003D7EEA /* Release */ = {
			isa = XCBuildConfiguration;
			baseConfigurationReference = 98E1BBE533A265147A0C7FB1 /* Pods-Parstagram-ParstagramUITests.release.xcconfig */;
			buildSettings = {
				ALWAYS_EMBED_SWIFT_STANDARD_LIBRARIES = YES;
				CODE_SIGN_STYLE = Automatic;
				INFOPLIST_FILE = ParstagramUITests/Info.plist;
				LD_RUNPATH_SEARCH_PATHS = (
					"$(inherited)",
					"@executable_path/Frameworks",
					"@loader_path/Frameworks",
				);
				PRODUCT_BUNDLE_IDENTIFIER = brypavlik.ParstagramUITests;
				PRODUCT_NAME = "$(TARGET_NAME)";
				SWIFT_VERSION = 5.0;
				TARGETED_DEVICE_FAMILY = "1,2";
				TEST_TARGET_NAME = Parstagram;
			};
			name = Release;
		};
/* End XCBuildConfiguration section */

/* Begin XCConfigurationList section */
		1C0D644E25FE93B6003D7EEA /* Build configuration list for PBXProject "Parstagram" */ = {
			isa = XCConfigurationList;
			buildConfigurations = (
				1C0D647B25FE93B8003D7EEA /* Debug */,
				1C0D647C25FE93B8003D7EEA /* Release */,
			);
			defaultConfigurationIsVisible = 0;
			defaultConfigurationName = Release;
		};
		1C0D647D25FE93B8003D7EEA /* Build configuration list for PBXNativeTarget "Parstagram" */ = {
			isa = XCConfigurationList;
			buildConfigurations = (
				1C0D647E25FE93B8003D7EEA /* Debug */,
				1C0D647F25FE93B8003D7EEA /* Release */,
			);
			defaultConfigurationIsVisible = 0;
			defaultConfigurationName = Release;
		};
		1C0D648025FE93B8003D7EEA /* Build configuration list for PBXNativeTarget "ParstagramTests" */ = {
			isa = XCConfigurationList;
			buildConfigurations = (
				1C0D648125FE93B8003D7EEA /* Debug */,
				1C0D648225FE93B8003D7EEA /* Release */,
			);
			defaultConfigurationIsVisible = 0;
			defaultConfigurationName = Release;
		};
		1C0D648325FE93B8003D7EEA /* Build configuration list for PBXNativeTarget "ParstagramUITests" */ = {
			isa = XCConfigurationList;
			buildConfigurations = (
				1C0D648425FE93B8003D7EEA /* Debug */,
				1C0D648525FE93B8003D7EEA /* Release */,
			);
			defaultConfigurationIsVisible = 0;
			defaultConfigurationName = Release;
		};
/* End XCConfigurationList section */
	};
	rootObject = 1C0D644B25FE93B6003D7EEA /* Project object */;
}
