// !$*UTF8*$!
{
	archiveVersion = 1;
	classes = {
	};
	objectVersion = 50;
	objects = {

/* Begin PBXBuildFile section */
		1C0D645725FE93B6003D7EEA /* AppDelegate.swift in Sources */ = {isa = PBXBuildFile; fileRef = 1C0D645625FE93B6003D7EEA /* AppDelegate.swift */; };
		1C0D645925FE93B6003D7EEA /* SceneDelegate.swift in Sources */ = {isa = PBXBuildFile; fileRef = 1C0D645825FE93B6003D7EEA /* SceneDelegate.swift */; };
		1C0D645B25FE93B6003D7EEA /* ViewController.swift in Sources */ = {isa = PBXBuildFile; fileRef = 1C0D645A25FE93B6003D7EEA /* ViewController.swift */; };
		1C0D645E25FE93B6003D7EEA /* Main.storyboard in Resources */ = {isa = PBXBuildFile; fileRef = 1C0D645C25FE93B6003D7EEA /* Main.storyboard */; };
		1C0D646025FE93B8003D7EEA /* Assets.xcassets in Resources */ = {isa = PBXBuildFile; fileRef = 1C0D645F25FE93B8003D7EEA /* Assets.xcassets */; };
		1C0D646325FE93B8003D7EEA /* LaunchScreen.storyboard in Resources */ = {isa = PBXBuildFile; fileRef = 1C0D646125FE93B8003D7EEA /* LaunchScreen.storyboard */; };
		1C0D646E25FE93B8003D7EEA /* ParstagramTests.swift in Sources */ = {isa = PBXBuildFile; fileRef = 1C0D646D25FE93B8003D7EEA /* ParstagramTests.swift */; };
		1C0D647925FE93B8003D7EEA /* ParstagramUITests.swift in Sources */ = {isa = PBXBuildFile; fileRef = 1C0D647825FE93B8003D7EEA /* ParstagramUITests.swift */; };
/* End PBXBuildFile section */

/* Begin PBXContainerItemProxy section */
		1C0D646A25FE93B8003D7EEA /* PBXContainerItemProxy */ = {
			isa = PBXContainerItemProxy;
			containerPortal = 1C0D644B25FE93B6003D7EEA /* Project object */;
			proxyType = 1;
			remoteGlobalIDString = 1C0D645225FE93B6003D7EEA;
			remoteInfo = Parstagram;
		};
		1C0D647525FE93B8003D7EEA /* PBXContainerItemProxy */ = {
			isa = PBXContainerItemProxy;
			containerPortal = 1C0D644B25FE93B6003D7EEA /* Project object */;
			proxyType = 1;
			remoteGlobalIDString = 1C0D645225FE93B6003D7EEA;
			remoteInfo = Parstagram;
		};
/* End PBXContainerItemProxy section */

/* Begin PBXFileReference section */
		1C0D645325FE93B6003D7EEA /* Parstagram.app */ = {isa = PBXFileReference; explicitFileType = wrapper.application; includeInIndex = 0; path = Parstagram.app; sourceTree = BUILT_PRODUCTS_DIR; };
		1C0D645625FE93B6003D7EEA /* AppDelegate.swift */ = {isa = PBXFileReference; lastKnownFileType = sourcecode.swift; path = AppDelegate.swift; sourceTree = "<group>"; };
		1C0D645825FE93B6003D7EEA /* SceneDelegate.swift */ = {isa = PBXFileReference; lastKnownFileType = sourcecode.swift; path = SceneDelegate.swift; sourceTree = "<group>"; };
		1C0D645A25FE93B6003D7EEA /* ViewController.swift */ = {isa = PBXFileReference; lastKnownFileType = sourcecode.swift; path = ViewController.swift; sourceTree = "<group>"; };
		1C0D645D25FE93B6003D7EEA /* Base */ = {isa = PBXFileReference; lastKnownFileType = file.storyboard; name = Base; path = Base.lproj/Main.storyboard; sourceTree = "<group>"; };
		1C0D645F25FE93B8003D7EEA /* Assets.xcassets */ = {isa = PBXFileReference; lastKnownFileType = folder.assetcatalog; path = Assets.xcassets; sourceTree = "<group>"; };
		1C0D646225FE93B8003D7EEA /* Base */ = {isa = PBXFileReference; lastKnownFileType = file.storyboard; name = Base; path = Base.lproj/LaunchScreen.storyboard; sourceTree = "<group>"; };
		1C0D646425FE93B8003D7EEA /* Info.plist */ = {isa = PBXFileReference; lastKnownFileType = text.plist.xml; path = Info.plist; sourceTree = "<group>"; };
		1C0D646925FE93B8003D7EEA /* ParstagramTests.xctest */ = {isa = PBXFileReference; explicitFileType = wrapper.cfbundle; includeInIndex = 0; path = ParstagramTests.xctest; sourceTree = BUILT_PRODUCTS_DIR; };
		1C0D646D25FE93B8003D7EEA /* ParstagramTests.swift */ = {isa = PBXFileReference; lastKnownFileType = sourcecode.swift; path = ParstagramTests.swift; sourceTree = "<group>"; };
		1C0D646F25FE93B8003D7EEA /* Info.plist */ = {isa = PBXFileReference; lastKnownFileType = text.plist.xml; path = Info.plist; sourceTree = "<group>"; };
		1C0D647425FE93B8003D7EEA /* ParstagramUITests.xctest */ = {isa = PBXFileReference; explicitFileType = wrapper.cfbundle; includeInIndex = 0; path = ParstagramUITests.xctest; sourceTree = BUILT_PRODUCTS_DIR; };
		1C0D647825FE93B8003D7EEA /* ParstagramUITests.swift */ = {isa = PBXFileReference; lastKnownFileType = sourcecode.swift; path = ParstagramUITests.swift; sourceTree = "<group>"; };
		1C0D647A25FE93B8003D7EEA /* Info.plist */ = {isa = PBXFileReference; lastKnownFileType = text.plist.xml; path = Info.plist; sourceTree = "<group>"; };
/* End PBXFileReference section */

/* Begin PBXFrameworksBuildPhase section */
		1C0D645025FE93B6003D7EEA /* Frameworks */ = {
			isa = PBXFrameworksBuildPhase;
			buildActionMask = 2147483647;
			files = (
			);
			runOnlyForDeploymentPostprocessing = 0;
		};
		1C0D646625FE93B8003D7EEA /* Frameworks */ = {
			isa = PBXFrameworksBuildPhase;
			buildActionMask = 2147483647;
			files = (
			);
			runOnlyForDeploymentPostprocessing = 0;
		};
		1C0D647125FE93B8003D7EEA /* Frameworks */ = {
			isa = PBXFrameworksBuildPhase;
			buildActionMask = 2147483647;
			files = (
			);
			runOnlyForDeploymentPostprocessing = 0;
		};
/* End PBXFrameworksBuildPhase section */

/* Begin PBXGroup section */
		1C0D644A25FE93B6003D7EEA = {
			isa = PBXGroup;
			children = (
				1C0D645525FE93B6003D7EEA /* Parstagram */,
				1C0D646C25FE93B8003D7EEA /* ParstagramTests */,
				1C0D647725FE93B8003D7EEA /* ParstagramUITests */,
				1C0D645425FE93B6003D7EEA /* Products */,
			);
			sourceTree = "<group>";
		};
		1C0D645425FE93B6003D7EEA /* Products */ = {
			isa = PBXGroup;
			children = (
				1C0D645325FE93B6003D7EEA /* Parstagram.app */,
				1C0D646925FE93B8003D7EEA /* ParstagramTests.xctest */,
				1C0D647425FE93B8003D7EEA /* ParstagramUITests.xctest */,
			);
			name = Products;
			sourceTree = "<group>";
		};
		1C0D645525FE93B6003D7EEA /* Parstagram */ = {
			isa = PBXGroup;
			children = (
				1C0D645625FE93B6003D7EEA /* AppDelegate.swift */,
				1C0D645825FE93B6003D7EEA /* SceneDelegate.swift */,
				1C0D645A25FE93B6003D7EEA /* ViewController.swift */,
				1C0D645C25FE93B6003D7EEA /* Main.storyboard */,
				1C0D645F25FE93B8003D7EEA /* Assets.xcassets */,
				1C0D646125FE93B8003D7EEA /* LaunchScreen.storyboard */,
				1C0D646425FE93B8003D7EEA /* Info.plist */,
			);
			path = Parstagram;
			sourceTree = "<group>";
		};
		1C0D646C25FE93B8003D7EEA /* ParstagramTests */ = {
			isa = PBXGroup;
			children = (
				1C0D646D25FE93B8003D7EEA /* ParstagramTests.swift */,
				1C0D646F25FE93B8003D7EEA /* Info.plist */,
			);
			path = ParstagramTests;
			sourceTree = "<group>";
		};
		1C0D647725FE93B8003D7EEA /* ParstagramUITests */ = {
			isa = PBXGroup;
			children = (
				1C0D647825FE93B8003D7EEA /* ParstagramUITests.swift */,
				1C0D647A25FE93B8003D7EEA /* Info.plist */,
			);
			path = ParstagramUITests;
			sourceTree = "<group>";
		};
/* End PBXGroup section */

/* Begin PBXNativeTarget section */
		1C0D645225FE93B6003D7EEA /* Parstagram */ = {
			isa = PBXNativeTarget;
			buildConfigurationList = 1C0D647D25FE93B8003D7EEA /* Build configuration list for PBXNativeTarget "Parstagram" */;
			buildPhases = (
				1C0D644F25FE93B6003D7EEA /* Sources */,
				1C0D645025FE93B6003D7EEA /* Frameworks */,
				1C0D645125FE93B6003D7EEA /* Resources */,
			);
			buildRules = (
			);
			dependencies = (
			);
			name = Parstagram;
			productName = Parstagram;
			productReference = 1C0D645325FE93B6003D7EEA /* Parstagram.app */;
			productType = "com.apple.product-type.application";
		};
		1C0D646825FE93B8003D7EEA /* ParstagramTests */ = {
			isa = PBXNativeTarget;
			buildConfigurationList = 1C0D648025FE93B8003D7EEA /* Build configuration list for PBXNativeTarget "ParstagramTests" */;
			buildPhases = (
				1C0D646525FE93B8003D7EEA /* Sources */,
				1C0D646625FE93B8003D7EEA /* Frameworks */,
				1C0D646725FE93B8003D7EEA /* Resources */,
			);
			buildRules = (
			);
			dependencies = (
				1C0D646B25FE93B8003D7EEA /* PBXTargetDependency */,
			);
			name = ParstagramTests;
			productName = ParstagramTests;
			productReference = 1C0D646925FE93B8003D7EEA /* ParstagramTests.xctest */;
			productType = "com.apple.product-type.bundle.unit-test";
		};
		1C0D647325FE93B8003D7EEA /* ParstagramUITests */ = {
			isa = PBXNativeTarget;
			buildConfigurationList = 1C0D648325FE93B8003D7EEA /* Build configuration list for PBXNativeTarget "ParstagramUITests" */;
			buildPhases = (
				1C0D647025FE93B8003D7EEA /* Sources */,
				1C0D647125FE93B8003D7EEA /* Frameworks */,
				1C0D647225FE93B8003D7EEA /* Resources */,
			);
			buildRules = (
			);
			dependencies = (
				1C0D647625FE93B8003D7EEA /* PBXTargetDependency */,
			);
			name = ParstagramUITests;
			productName = ParstagramUITests;
			productReference = 1C0D647425FE93B8003D7EEA /* ParstagramUITests.xctest */;
			productType = "com.apple.product-type.bundle.ui-testing";
		};
/* End PBXNativeTarget section */

/* Begin PBXProject section */
		1C0D644B25FE93B6003D7EEA /* Project object */ = {
			isa = PBXProject;
			attributes = {
				LastSwiftUpdateCheck = 1240;
				LastUpgradeCheck = 1240;
				TargetAttributes = {
					1C0D645225FE93B6003D7EEA = {
						CreatedOnToolsVersion = 12.4;
					};
					1C0D646825FE93B8003D7EEA = {
						CreatedOnToolsVersion = 12.4;
						TestTargetID = 1C0D645225FE93B6003D7EEA;
					};
					1C0D647325FE93B8003D7EEA = {
						CreatedOnToolsVersion = 12.4;
						TestTargetID = 1C0D645225FE93B6003D7EEA;
					};
				};
			};
			buildConfigurationList = 1C0D644E25FE93B6003D7EEA /* Build configuration list for PBXProject "Parstagram" */;
			compatibilityVersion = "Xcode 9.3";
			developmentRegion = en;
			hasScannedForEncodings = 0;
			knownRegions = (
				en,
				Base,
			);
			mainGroup = 1C0D644A25FE93B6003D7EEA;
			productRefGroup = 1C0D645425FE93B6003D7EEA /* Products */;
			projectDirPath = "";
			projectRoot = "";
			targets = (
				1C0D645225FE93B6003D7EEA /* Parstagram */,
				1C0D646825FE93B8003D7EEA /* ParstagramTests */,
				1C0D647325FE93B8003D7EEA /* ParstagramUITests */,
			);
		};
/* End PBXProject section */

/* Begin PBXResourcesBuildPhase section */
		1C0D645125FE93B6003D7EEA /* Resources */ = {
			isa = PBXResourcesBuildPhase;
			buildActionMask = 2147483647;
			files = (
				1C0D646325FE93B8003D7EEA /* LaunchScreen.storyboard in Resources */,
				1C0D646025FE93B8003D7EEA /* Assets.xcassets in Resources */,
				1C0D645E25FE93B6003D7EEA /* Main.storyboard in Resources */,
			);
			runOnlyForDeploymentPostprocessing = 0;
		};
		1C0D646725FE93B8003D7EEA /* Resources */ = {
			isa = PBXResourcesBuildPhase;
			buildActionMask = 2147483647;
			files = (
			);
			runOnlyForDeploymentPostprocessing = 0;
		};
		1C0D647225FE93B8003D7EEA /* Resources */ = {
			isa = PBXResourcesBuildPhase;
			buildActionMask = 2147483647;
			files = (
			);
			runOnlyForDeploymentPostprocessing = 0;
		};
/* End PBXResourcesBuildPhase section */

/* Begin PBXSourcesBuildPhase section */
		1C0D644F25FE93B6003D7EEA /* Sources */ = {
			isa = PBXSourcesBuildPhase;
			buildActionMask = 2147483647;
			files = (
				1C0D645B25FE93B6003D7EEA /* ViewController.swift in Sources */,
				1C0D645725FE93B6003D7EEA /* AppDelegate.swift in Sources */,
				1C0D645925FE93B6003D7EEA /* SceneDelegate.swift in Sources */,
			);
			runOnlyForDeploymentPostprocessing = 0;
		};
		1C0D646525FE93B8003D7EEA /* Sources */ = {
			isa = PBXSourcesBuildPhase;
			buildActionMask = 2147483647;
			files = (
				1C0D646E25FE93B8003D7EEA /* ParstagramTests.swift in Sources */,
			);
			runOnlyForDeploymentPostprocessing = 0;
		};
		1C0D647025FE93B8003D7EEA /* Sources */ = {
			isa = PBXSourcesBuildPhase;
			buildActionMask = 2147483647;
			files = (
				1C0D647925FE93B8003D7EEA /* ParstagramUITests.swift in Sources */,
			);
			runOnlyForDeploymentPostprocessing = 0;
		};
/* End PBXSourcesBuildPhase section */

/* Begin PBXTargetDependency section */
		1C0D646B25FE93B8003D7EEA /* PBXTargetDependency */ = {
			isa = PBXTargetDependency;
			target = 1C0D645225FE93B6003D7EEA /* Parstagram */;
			targetProxy = 1C0D646A25FE93B8003D7EEA /* PBXContainerItemProxy */;
		};
		1C0D647625FE93B8003D7EEA /* PBXTargetDependency */ = {
			isa = PBXTargetDependency;
			target = 1C0D645225FE93B6003D7EEA /* Parstagram */;
			targetProxy = 1C0D647525FE93B8003D7EEA /* PBXContainerItemProxy */;
		};
/* End PBXTargetDependency section */

/* Begin PBXVariantGroup section */
		1C0D645C25FE93B6003D7EEA /* Main.storyboard */ = {
			isa = PBXVariantGroup;
			children = (
				1C0D645D25FE93B6003D7EEA /* Base */,
			);
			name = Main.storyboard;
			sourceTree = "<group>";
		};
		1C0D646125FE93B8003D7EEA /* LaunchScreen.storyboard */ = {
			isa = PBXVariantGroup;
			children = (
				1C0D646225FE93B8003D7EEA /* Base */,
			);
			name = LaunchScreen.storyboard;
			sourceTree = "<group>";
		};
/* End PBXVariantGroup section */

/* Begin XCBuildConfiguration section */
		1C0D647B25FE93B8003D7EEA /* Debug */ = {
			isa = XCBuildConfiguration;
			buildSettings = {
				ALWAYS_SEARCH_USER_PATHS = NO;
				CLANG_ANALYZER_NONNULL = YES;
				CLANG_ANALYZER_NUMBER_OBJECT_CONVERSION = YES_AGGRESSIVE;
				CLANG_CXX_LANGUAGE_STANDARD = "gnu++14";
				CLANG_CXX_LIBRARY = "libc++";
				CLANG_ENABLE_MODULES = YES;
				CLANG_ENABLE_OBJC_ARC = YES;
				CLANG_ENABLE_OBJC_WEAK = YES;
				CLANG_WARN_BLOCK_CAPTURE_AUTORELEASING = YES;
				CLANG_WARN_BOOL_CONVERSION = YES;
				CLANG_WARN_COMMA = YES;
				CLANG_WARN_CONSTANT_CONVERSION = YES;
				CLANG_WARN_DEPRECATED_OBJC_IMPLEMENTATIONS = YES;
				CLANG_WARN_DIRECT_OBJC_ISA_USAGE = YES_ERROR;
				CLANG_WARN_DOCUMENTATION_COMMENTS = YES;
				CLANG_WARN_EMPTY_BODY = YES;
				CLANG_WARN_ENUM_CONVERSION = YES;
				CLANG_WARN_INFINITE_RECURSION = YES;
				CLANG_WARN_INT_CONVERSION = YES;
				CLANG_WARN_NON_LITERAL_NULL_CONVERSION = YES;
				CLANG_WARN_OBJC_IMPLICIT_RETAIN_SELF = YES;
				CLANG_WARN_OBJC_LITERAL_CONVERSION = YES;
				CLANG_WARN_OBJC_ROOT_CLASS = YES_ERROR;
				CLANG_WARN_QUOTED_INCLUDE_IN_FRAMEWORK_HEADER = YES;
				CLANG_WARN_RANGE_LOOP_ANALYSIS = YES;
				CLANG_WARN_STRICT_PROTOTYPES = YES;
				CLANG_WARN_SUSPICIOUS_MOVE = YES;
				CLANG_WARN_UNGUARDED_AVAILABILITY = YES_AGGRESSIVE;
				CLANG_WARN_UNREACHABLE_CODE = YES;
				CLANG_WARN__DUPLICATE_METHOD_MATCH = YES;
				COPY_PHASE_STRIP = NO;
				DEBUG_INFORMATION_FORMAT = dwarf;
				ENABLE_STRICT_OBJC_MSGSEND = YES;
				ENABLE_TESTABILITY = YES;
				GCC_C_LANGUAGE_STANDARD = gnu11;
				GCC_DYNAMIC_NO_PIC = NO;
				GCC_NO_COMMON_BLOCKS = YES;
				GCC_OPTIMIZATION_LEVEL = 0;
				GCC_PREPROCESSOR_DEFINITIONS = (
					"DEBUG=1",
					"$(inherited)",
				);
				GCC_WARN_64_TO_32_BIT_CONVERSION = YES;
				GCC_WARN_ABOUT_RETURN_TYPE = YES_ERROR;
				GCC_WARN_UNDECLARED_SELECTOR = YES;
				GCC_WARN_UNINITIALIZED_AUTOS = YES_AGGRESSIVE;
				GCC_WARN_UNUSED_FUNCTION = YES;
				GCC_WARN_UNUSED_VARIABLE = YES;
				IPHONEOS_DEPLOYMENT_TARGET = 14.4;
				MTL_ENABLE_DEBUG_INFO = INCLUDE_SOURCE;
				MTL_FAST_MATH = YES;
				ONLY_ACTIVE_ARCH = YES;
				SDKROOT = iphoneos;
				SWIFT_ACTIVE_COMPILATION_CONDITIONS = DEBUG;
				SWIFT_OPTIMIZATION_LEVEL = "-Onone";
			};
			name = Debug;
		};
		1C0D647C25FE93B8003D7EEA /* Release */ = {
			isa = XCBuildConfiguration;
			buildSettings = {
				ALWAYS_SEARCH_USER_PATHS = NO;
				CLANG_ANALYZER_NONNULL = YES;
				CLANG_ANALYZER_NUMBER_OBJECT_CONVERSION = YES_AGGRESSIVE;
				CLANG_CXX_LANGUAGE_STANDARD = "gnu++14";
				CLANG_CXX_LIBRARY = "libc++";
				CLANG_ENABLE_MODULES = YES;
				CLANG_ENABLE_OBJC_ARC = YES;
				CLANG_ENABLE_OBJC_WEAK = YES;
				CLANG_WARN_BLOCK_CAPTURE_AUTORELEASING = YES;
				CLANG_WARN_BOOL_CONVERSION = YES;
				CLANG_WARN_COMMA = YES;
				CLANG_WARN_CONSTANT_CONVERSION = YES;
				CLANG_WARN_DEPRECATED_OBJC_IMPLEMENTATIONS = YES;
				CLANG_WARN_DIRECT_OBJC_ISA_USAGE = YES_ERROR;
				CLANG_WARN_DOCUMENTATION_COMMENTS = YES;
				CLANG_WARN_EMPTY_BODY = YES;
				CLANG_WARN_ENUM_CONVERSION = YES;
				CLANG_WARN_INFINITE_RECURSION = YES;
				CLANG_WARN_INT_CONVERSION = YES;
				CLANG_WARN_NON_LITERAL_NULL_CONVERSION = YES;
				CLANG_WARN_OBJC_IMPLICIT_RETAIN_SELF = YES;
				CLANG_WARN_OBJC_LITERAL_CONVERSION = YES;
				CLANG_WARN_OBJC_ROOT_CLASS = YES_ERROR;
				CLANG_WARN_QUOTED_INCLUDE_IN_FRAMEWORK_HEADER = YES;
				CLANG_WARN_RANGE_LOOP_ANALYSIS = YES;
				CLANG_WARN_STRICT_PROTOTYPES = YES;
				CLANG_WARN_SUSPICIOUS_MOVE = YES;
				CLANG_WARN_UNGUARDED_AVAILABILITY = YES_AGGRESSIVE;
				CLANG_WARN_UNREACHABLE_CODE = YES;
				CLANG_WARN__DUPLICATE_METHOD_MATCH = YES;
				COPY_PHASE_STRIP = NO;
				DEBUG_INFORMATION_FORMAT = "dwarf-with-dsym";
				ENABLE_NS_ASSERTIONS = NO;
				ENABLE_STRICT_OBJC_MSGSEND = YES;
				GCC_C_LANGUAGE_STANDARD = gnu11;
				GCC_NO_COMMON_BLOCKS = YES;
				GCC_WARN_64_TO_32_BIT_CONVERSION = YES;
				GCC_WARN_ABOUT_RETURN_TYPE = YES_ERROR;
				GCC_WARN_UNDECLARED_SELECTOR = YES;
				GCC_WARN_UNINITIALIZED_AUTOS = YES_AGGRESSIVE;
				GCC_WARN_UNUSED_FUNCTION = YES;
				GCC_WARN_UNUSED_VARIABLE = YES;
				IPHONEOS_DEPLOYMENT_TARGET = 14.4;
				MTL_ENABLE_DEBUG_INFO = NO;
				MTL_FAST_MATH = YES;
				SDKROOT = iphoneos;
				SWIFT_COMPILATION_MODE = wholemodule;
				SWIFT_OPTIMIZATION_LEVEL = "-O";
				VALIDATE_PRODUCT = YES;
			};
			name = Release;
		};
		1C0D647E25FE93B8003D7EEA /* Debug */ = {
			isa = XCBuildConfiguration;
			buildSettings = {
				ASSETCATALOG_COMPILER_APPICON_NAME = AppIcon;
				ASSETCATALOG_COMPILER_GLOBAL_ACCENT_COLOR_NAME = AccentColor;
				CODE_SIGN_STYLE = Automatic;
				INFOPLIST_FILE = Parstagram/Info.plist;
				LD_RUNPATH_SEARCH_PATHS = (
					"$(inherited)",
					"@executable_path/Frameworks",
				);
				PRODUCT_BUNDLE_IDENTIFIER = brypavlik.Parstagram;
				PRODUCT_NAME = "$(TARGET_NAME)";
				SWIFT_VERSION = 5.0;
				TARGETED_DEVICE_FAMILY = "1,2";
			};
			name = Debug;
		};
		1C0D647F25FE93B8003D7EEA /* Release */ = {
			isa = XCBuildConfiguration;
			buildSettings = {
				ASSETCATALOG_COMPILER_APPICON_NAME = AppIcon;
				ASSETCATALOG_COMPILER_GLOBAL_ACCENT_COLOR_NAME = AccentColor;
				CODE_SIGN_STYLE = Automatic;
				INFOPLIST_FILE = Parstagram/Info.plist;
				LD_RUNPATH_SEARCH_PATHS = (
					"$(inherited)",
					"@executable_path/Frameworks",
				);
				PRODUCT_BUNDLE_IDENTIFIER = brypavlik.Parstagram;
				PRODUCT_NAME = "$(TARGET_NAME)";
				SWIFT_VERSION = 5.0;
				TARGETED_DEVICE_FAMILY = "1,2";
			};
			name = Release;
		};
		1C0D648125FE93B8003D7EEA /* Debug */ = {
			isa = XCBuildConfiguration;
			buildSettings = {
				ALWAYS_EMBED_SWIFT_STANDARD_LIBRARIES = YES;
				BUNDLE_LOADER = "$(TEST_HOST)";
				CODE_SIGN_STYLE = Automatic;
				INFOPLIST_FILE = ParstagramTests/Info.plist;
				IPHONEOS_DEPLOYMENT_TARGET = 14.4;
				LD_RUNPATH_SEARCH_PATHS = (
					"$(inherited)",
					"@executable_path/Frameworks",
					"@loader_path/Frameworks",
				);
				PRODUCT_BUNDLE_IDENTIFIER = brypavlik.ParstagramTests;
				PRODUCT_NAME = "$(TARGET_NAME)";
				SWIFT_VERSION = 5.0;
				TARGETED_DEVICE_FAMILY = "1,2";
				TEST_HOST = "$(BUILT_PRODUCTS_DIR)/Parstagram.app/Parstagram";
			};
			name = Debug;
		};
		1C0D648225FE93B8003D7EEA /* Release */ = {
			isa = XCBuildConfiguration;
			buildSettings = {
				ALWAYS_EMBED_SWIFT_STANDARD_LIBRARIES = YES;
				BUNDLE_LOADER = "$(TEST_HOST)";
				CODE_SIGN_STYLE = Automatic;
				INFOPLIST_FILE = ParstagramTests/Info.plist;
				IPHONEOS_DEPLOYMENT_TARGET = 14.4;
				LD_RUNPATH_SEARCH_PATHS = (
					"$(inherited)",
					"@executable_path/Frameworks",
					"@loader_path/Frameworks",
				);
				PRODUCT_BUNDLE_IDENTIFIER = brypavlik.ParstagramTests;
				PRODUCT_NAME = "$(TARGET_NAME)";
				SWIFT_VERSION = 5.0;
				TARGETED_DEVICE_FAMILY = "1,2";
				TEST_HOST = "$(BUILT_PRODUCTS_DIR)/Parstagram.app/Parstagram";
			};
			name = Release;
		};
		1C0D648425FE93B8003D7EEA /* Debug */ = {
			isa = XCBuildConfiguration;
			buildSettings = {
				ALWAYS_EMBED_SWIFT_STANDARD_LIBRARIES = YES;
				CODE_SIGN_STYLE = Automatic;
				INFOPLIST_FILE = ParstagramUITests/Info.plist;
				LD_RUNPATH_SEARCH_PATHS = (
					"$(inherited)",
					"@executable_path/Frameworks",
					"@loader_path/Frameworks",
				);
				PRODUCT_BUNDLE_IDENTIFIER = brypavlik.ParstagramUITests;
				PRODUCT_NAME = "$(TARGET_NAME)";
				SWIFT_VERSION = 5.0;
				TARGETED_DEVICE_FAMILY = "1,2";
				TEST_TARGET_NAME = Parstagram;
			};
			name = Debug;
		};
		1C0D648525FE93B8003D7EEA /* Release */ = {
			isa = XCBuildConfiguration;
			buildSettings = {
				ALWAYS_EMBED_SWIFT_STANDARD_LIBRARIES = YES;
				CODE_SIGN_STYLE = Automatic;
				INFOPLIST_FILE = ParstagramUITests/Info.plist;
				LD_RUNPATH_SEARCH_PATHS = (
					"$(inherited)",
					"@executable_path/Frameworks",
					"@loader_path/Frameworks",
				);
				PRODUCT_BUNDLE_IDENTIFIER = brypavlik.ParstagramUITests;
				PRODUCT_NAME = "$(TARGET_NAME)";
				SWIFT_VERSION = 5.0;
				TARGETED_DEVICE_FAMILY = "1,2";
				TEST_TARGET_NAME = Parstagram;
			};
			name = Release;
		};
/* End XCBuildConfiguration section */

/* Begin XCConfigurationList section */
		1C0D644E25FE93B6003D7EEA /* Build configuration list for PBXProject "Parstagram" */ = {
			isa = XCConfigurationList;
			buildConfigurations = (
				1C0D647B25FE93B8003D7EEA /* Debug */,
				1C0D647C25FE93B8003D7EEA /* Release */,
			);
			defaultConfigurationIsVisible = 0;
			defaultConfigurationName = Release;
		};
		1C0D647D25FE93B8003D7EEA /* Build configuration list for PBXNativeTarget "Parstagram" */ = {
			isa = XCConfigurationList;
			buildConfigurations = (
				1C0D647E25FE93B8003D7EEA /* Debug */,
				1C0D647F25FE93B8003D7EEA /* Release */,
			);
			defaultConfigurationIsVisible = 0;
			defaultConfigurationName = Release;
		};
		1C0D648025FE93B8003D7EEA /* Build configuration list for PBXNativeTarget "ParstagramTests" */ = {
			isa = XCConfigurationList;
			buildConfigurations = (
				1C0D648125FE93B8003D7EEA /* Debug */,
				1C0D648225FE93B8003D7EEA /* Release */,
			);
			defaultConfigurationIsVisible = 0;
			defaultConfigurationName = Release;
		};
		1C0D648325FE93B8003D7EEA /* Build configuration list for PBXNativeTarget "ParstagramUITests" */ = {
			isa = XCConfigurationList;
			buildConfigurations = (
				1C0D648425FE93B8003D7EEA /* Debug */,
				1C0D648525FE93B8003D7EEA /* Release */,
			);
			defaultConfigurationIsVisible = 0;
			defaultConfigurationName = Release;
		};
/* End XCConfigurationList section */
	};
	rootObject = 1C0D644B25FE93B6003D7EEA /* Project object */;
}
